
Microsoft Visual Studio Solution File, Format Version 12.00
# Visual Studio Version 16
VisualStudioVersion = 16.0.30907.101
MinimumVisualStudioVersion = 10.0.40219.1
Project("{FAE04EC0-301F-11D3-BF4B-00C04F79EFBC}") = "Rotas", "Rotas\Rotas.csproj", "{83915E42-9E33-4B8A-8275-E8D205ACE97B}"
EndProject
Global
	GlobalSection(SolutionConfigurationPlatforms) = preSolution
		Debug|Any CPU = Debug|Any CPU
		Release|Any CPU = Release|Any CPU
	EndGlobalSection
	GlobalSection(ProjectConfigurationPlatforms) = postSolution
		{83915E42-9E33-4B8A-8275-E8D205ACE97B}.Debug|Any CPU.ActiveCfg = Debug|Any CPU
		{83915E42-9E33-4B8A-8275-E8D205ACE97B}.Debug|Any CPU.Build.0 = Debug|Any CPU
		{83915E42-9E33-4B8A-8275-E8D205ACE97B}.Release|Any CPU.ActiveCfg = Release|Any CPU
		{83915E42-9E33-4B8A-8275-E8D205ACE97B}.Release|Any CPU.Build.0 = Release|Any CPU
	EndGlobalSection
	GlobalSection(SolutionProperties) = preSolution
		HideSolutionNode = FALSE
	EndGlobalSection
	GlobalSection(ExtensibilityGlobals) = postSolution
		SolutionGuid = {139E7417-1FB6-422A-A275-539FB22406C4}
	EndGlobalSection
EndGlobal
